{
  "name": "fortify-ai-cli",
  "version": "0.6.2",
  "lockfileVersion": 3,
  "requires": true,
  "packages": {
    "": {
      "name": "fortify-ai-cli",
      "version": "0.6.2",
      "license": "MIT",
      "bin": {
        "fortify": "bin/fortify.js"
      },
      "engines": {
        "node": ">=20.0.0"
      }
    }
  }
}
